
Microsoft Visual Studio Solution File, Format Version 12.00
# Visual Studio Version 16
VisualStudioVersion = 16.0.31911.196
MinimumVisualStudioVersion = 10.0.40219.1
Project("{FAE04EC0-301F-11D3-BF4B-00C04F79EFBC}") = "mujdathoca15_12_2021", "mujdathoca15_12_2021.csproj", "{3A863F99-127D-4DB4-9C24-5FA5DBE97FA0}"
EndProject
Global
	GlobalSection(SolutionConfigurationPlatforms) = preSolution
		Debug|Any CPU = Debug|Any CPU
		Release|Any CPU = Release|Any CPU
	EndGlobalSection
	GlobalSection(ProjectConfigurationPlatforms) = postSolution
		{3A863F99-127D-4DB4-9C24-5FA5DBE97FA0}.Debug|Any CPU.ActiveCfg = Debug|Any CPU
		{3A863F99-127D-4DB4-9C24-5FA5DBE97FA0}.Debug|Any CPU.Build.0 = Debug|Any CPU
		{3A863F99-127D-4DB4-9C24-5FA5DBE97FA0}.Release|Any CPU.ActiveCfg = Release|Any CPU
		{3A863F99-127D-4DB4-9C24-5FA5DBE97FA0}.Release|Any CPU.Build.0 = Release|Any CPU
	EndGlobalSection
	GlobalSection(SolutionProperties) = preSolution
		HideSolutionNode = FALSE
	EndGlobalSection
	GlobalSection(ExtensibilityGlobals) = postSolution
		SolutionGuid = {D6DFE141-0819-486A-9E18-AB801C3B2C6F}
	EndGlobalSection
EndGlobal
